
Microsoft Visual Studio Solution File, Format Version 12.00
# Visual Studio Version 17
VisualStudioVersion = 17.1.32414.318
MinimumVisualStudioVersion = 10.0.40219.1
Project("{FAE04EC0-301F-11D3-BF4B-00C04F79EFBC}") = "INFOGR2024Template", "INFOGR2024Template.csproj", "{5DF4789A-96A4-4DA5-9364-FCF2EAB1B414}"
EndProject
Global
	GlobalSection(SolutionConfigurationPlatforms) = preSolution
		Debug|Any CPU = Debug|Any CPU
		Release|Any CPU = Release|Any CPU
	EndGlobalSection
	GlobalSection(ProjectConfigurationPlatforms) = postSolution
		{5DF4789A-96A4-4DA5-9364-FCF2EAB1B414}.Debug|Any CPU.ActiveCfg = Debug|Any CPU
		{5DF4789A-96A4-4DA5-9364-FCF2EAB1B414}.Debug|Any CPU.Build.0 = Debug|Any CPU
		{5DF4789A-96A4-4DA5-9364-FCF2EAB1B414}.Release|Any CPU.ActiveCfg = Release|Any CPU
		{5DF4789A-96A4-4DA5-9364-FCF2EAB1B414}.Release|Any CPU.Build.0 = Release|Any CPU
	EndGlobalSection
	GlobalSection(SolutionProperties) = preSolution
		HideSolutionNode = FALSE
	EndGlobalSection
	GlobalSection(ExtensibilityGlobals) = postSolution
		SolutionGuid = {E4C92AF4-47AD-4E59-BCB9-99FDD05DDE9D}
	EndGlobalSection
EndGlobal
